
Microsoft Visual Studio Solution File, Format Version 12.00
# Visual Studio 14
VisualStudioVersion = 14.0.25420.1
MinimumVisualStudioVersion = 10.0.40219.1
Project("{FAE04EC0-301F-11D3-BF4B-00C04F79EFBC}") = "Задание_1", "Задание_1\Задание_1.csproj", "{EDC9A6EE-AED8-4920-82F8-390B3CA42899}"
EndProject
Project("{FAE04EC0-301F-11D3-BF4B-00C04F79EFBC}") = "Задание_2", "Задание_2\Задание_2.csproj", "{D810D0DF-7375-49EB-9F2B-98F1C10DA702}"
EndProject
Project("{FAE04EC0-301F-11D3-BF4B-00C04F79EFBC}") = "Задание_4", "Задание_4\Задание_4.csproj", "{31DB9294-41C6-4276-8CC8-C82EF6E5A8C5}"
EndProject
Global
	GlobalSection(SolutionConfigurationPlatforms) = preSolution
		Debug|Any CPU = Debug|Any CPU
		Release|Any CPU = Release|Any CPU
	EndGlobalSection
	GlobalSection(ProjectConfigurationPlatforms) = postSolution
		{EDC9A6EE-AED8-4920-82F8-390B3CA42899}.Debug|Any CPU.ActiveCfg = Debug|Any CPU
		{EDC9A6EE-AED8-4920-82F8-390B3CA42899}.Debug|Any CPU.Build.0 = Debug|Any CPU
		{EDC9A6EE-AED8-4920-82F8-390B3CA42899}.Release|Any CPU.ActiveCfg = Release|Any CPU
		{EDC9A6EE-AED8-4920-82F8-390B3CA42899}.Release|Any CPU.Build.0 = Release|Any CPU
		{D810D0DF-7375-49EB-9F2B-98F1C10DA702}.Debug|Any CPU.ActiveCfg = Debug|Any CPU
		{D810D0DF-7375-49EB-9F2B-98F1C10DA702}.Debug|Any CPU.Build.0 = Debug|Any CPU
		{D810D0DF-7375-49EB-9F2B-98F1C10DA702}.Release|Any CPU.ActiveCfg = Release|Any CPU
		{D810D0DF-7375-49EB-9F2B-98F1C10DA702}.Release|Any CPU.Build.0 = Release|Any CPU
		{31DB9294-41C6-4276-8CC8-C82EF6E5A8C5}.Debug|Any CPU.ActiveCfg = Debug|Any CPU
		{31DB9294-41C6-4276-8CC8-C82EF6E5A8C5}.Debug|Any CPU.Build.0 = Debug|Any CPU
		{31DB9294-41C6-4276-8CC8-C82EF6E5A8C5}.Release|Any CPU.ActiveCfg = Release|Any CPU
		{31DB9294-41C6-4276-8CC8-C82EF6E5A8C5}.Release|Any CPU.Build.0 = Release|Any CPU
	EndGlobalSection
	GlobalSection(SolutionProperties) = preSolution
		HideSolutionNode = FALSE
	EndGlobalSection
EndGlobal
